
Microsoft Visual Studio Solution File, Format Version 12.00
# Visual Studio Version 16
VisualStudioVersion = 16.0.30717.126
MinimumVisualStudioVersion = 10.0.40219.1
Project("{888888A0-9F3D-457C-B088-3A5042F75D52}") = "Number_Guessing", "Number_Guessing.pyproj", "{C7FFDC79-FF5F-46C1-A9D3-886BE5CED9D4}"
EndProject
Global
	GlobalSection(SolutionConfigurationPlatforms) = preSolution
		Debug|Any CPU = Debug|Any CPU
		Release|Any CPU = Release|Any CPU
	EndGlobalSection
	GlobalSection(ProjectConfigurationPlatforms) = postSolution
		{C7FFDC79-FF5F-46C1-A9D3-886BE5CED9D4}.Debug|Any CPU.ActiveCfg = Debug|Any CPU
		{C7FFDC79-FF5F-46C1-A9D3-886BE5CED9D4}.Release|Any CPU.ActiveCfg = Release|Any CPU
	EndGlobalSection
	GlobalSection(SolutionProperties) = preSolution
		HideSolutionNode = FALSE
	EndGlobalSection
	GlobalSection(ExtensibilityGlobals) = postSolution
		SolutionGuid = {BC62EE1F-EE90-431E-8845-0B2035815429}
	EndGlobalSection
EndGlobal
